
Microsoft Visual Studio Solution File, Format Version 12.00
# Visual Studio 15
VisualStudioVersion = 15.0.28307.329
MinimumVisualStudioVersion = 10.0.40219.1
Project("{FAE04EC0-301F-11D3-BF4B-00C04F79EFBC}") = "CFW Disposal Dashboard", "CFW Disposal Dashboard\CFW Disposal Dashboard.csproj", "{21E25E89-7760-4830-A04E-7C1EBA1F82DA}"
EndProject
Global
	GlobalSection(SolutionConfigurationPlatforms) = preSolution
		Debug|Any CPU = Debug|Any CPU
		Release|Any CPU = Release|Any CPU
	EndGlobalSection
	GlobalSection(ProjectConfigurationPlatforms) = postSolution
		{21E25E89-7760-4830-A04E-7C1EBA1F82DA}.Debug|Any CPU.ActiveCfg = Debug|Any CPU
		{21E25E89-7760-4830-A04E-7C1EBA1F82DA}.Debug|Any CPU.Build.0 = Debug|Any CPU
		{21E25E89-7760-4830-A04E-7C1EBA1F82DA}.Release|Any CPU.ActiveCfg = Release|Any CPU
		{21E25E89-7760-4830-A04E-7C1EBA1F82DA}.Release|Any CPU.Build.0 = Release|Any CPU
	EndGlobalSection
	GlobalSection(SolutionProperties) = preSolution
		HideSolutionNode = FALSE
	EndGlobalSection
	GlobalSection(ExtensibilityGlobals) = postSolution
		SolutionGuid = {E062EFD9-1D35-498C-827E-FD18DDAD816A}
	EndGlobalSection
EndGlobal
